
Microsoft Visual Studio Solution File, Format Version 12.00
# Visual Studio Version 17
VisualStudioVersion = 17.0.32014.148
MinimumVisualStudioVersion = 10.0.40219.1
Project("{FAE04EC0-301F-11D3-BF4B-00C04F79EFBC}") = "AtmApp", "AtmApp\AtmApp.csproj", "{B73FD70B-1BF9-4C25-8666-F011B6D5DD00}"
EndProject
Global
	GlobalSection(SolutionConfigurationPlatforms) = preSolution
		Debug|Any CPU = Debug|Any CPU
		Release|Any CPU = Release|Any CPU
	EndGlobalSection
	GlobalSection(ProjectConfigurationPlatforms) = postSolution
		{B73FD70B-1BF9-4C25-8666-F011B6D5DD00}.Debug|Any CPU.ActiveCfg = Debug|Any CPU
		{B73FD70B-1BF9-4C25-8666-F011B6D5DD00}.Debug|Any CPU.Build.0 = Debug|Any CPU
		{B73FD70B-1BF9-4C25-8666-F011B6D5DD00}.Release|Any CPU.ActiveCfg = Release|Any CPU
		{B73FD70B-1BF9-4C25-8666-F011B6D5DD00}.Release|Any CPU.Build.0 = Release|Any CPU
	EndGlobalSection
	GlobalSection(SolutionProperties) = preSolution
		HideSolutionNode = FALSE
	EndGlobalSection
	GlobalSection(ExtensibilityGlobals) = postSolution
		SolutionGuid = {E5E4EBE7-51C2-4AFB-9D07-A861B6FC28EF}
	EndGlobalSection
EndGlobal
